
Microsoft Visual Studio Solution File, Format Version 12.00
# Visual Studio Version 17
VisualStudioVersion = 17.5.33530.505
MinimumVisualStudioVersion = 10.0.40219.1
Project("{8BC9CEB8-8B4A-11D0-8D11-00A0C91BC942}") = "employgui", "employgui\employgui.vcxproj", "{2DB57F3A-5012-4308-8870-C9731137FA35}"
EndProject
Global
	GlobalSection(SolutionConfigurationPlatforms) = preSolution
		Debug|x64 = Debug|x64
		Release|x64 = Release|x64
	EndGlobalSection
	GlobalSection(ProjectConfigurationPlatforms) = postSolution
		{2DB57F3A-5012-4308-8870-C9731137FA35}.Debug|x64.ActiveCfg = Debug|x64
		{2DB57F3A-5012-4308-8870-C9731137FA35}.Debug|x64.Build.0 = Debug|x64
		{2DB57F3A-5012-4308-8870-C9731137FA35}.Release|x64.ActiveCfg = Release|x64
		{2DB57F3A-5012-4308-8870-C9731137FA35}.Release|x64.Build.0 = Release|x64
	EndGlobalSection
	GlobalSection(SolutionProperties) = preSolution
		HideSolutionNode = FALSE
	EndGlobalSection
	GlobalSection(ExtensibilityGlobals) = postSolution
		SolutionGuid = {53736B29-0B75-442A-AA4A-E3B8809D5A65}
	EndGlobalSection
EndGlobal
